
Microsoft Visual Studio Solution File, Format Version 12.00
Project("{FAE04EC0-301F-11D3-BF4B-00C04F79EFBC}") = "Task3-Paper-Rock-Scissor", "Task3-Paper-Rock-Scissor\Task3-Paper-Rock-Scissor.csproj", "{D2FFF921-365A-4E9A-B43F-4D5A9DF1A23A}"
EndProject
Project("{FAE04EC0-301F-11D3-BF4B-00C04F79EFBC}") = "Task3-Paper-Rock-Scissor.UnitTests", "Task3-Paper-Rock-Scissor.UnitTests\Task3-Paper-Rock-Scissor.UnitTests.csproj", "{D4B83817-DCE4-4482-AA04-5E16290228D4}"
EndProject
Global
	GlobalSection(SolutionConfigurationPlatforms) = preSolution
		Debug|Any CPU = Debug|Any CPU
		Release|Any CPU = Release|Any CPU
	EndGlobalSection
	GlobalSection(ProjectConfigurationPlatforms) = postSolution
		{D2FFF921-365A-4E9A-B43F-4D5A9DF1A23A}.Debug|Any CPU.ActiveCfg = Debug|Any CPU
		{D2FFF921-365A-4E9A-B43F-4D5A9DF1A23A}.Debug|Any CPU.Build.0 = Debug|Any CPU
		{D2FFF921-365A-4E9A-B43F-4D5A9DF1A23A}.Release|Any CPU.ActiveCfg = Release|Any CPU
		{D2FFF921-365A-4E9A-B43F-4D5A9DF1A23A}.Release|Any CPU.Build.0 = Release|Any CPU
		{D4B83817-DCE4-4482-AA04-5E16290228D4}.Debug|Any CPU.ActiveCfg = Debug|Any CPU
		{D4B83817-DCE4-4482-AA04-5E16290228D4}.Debug|Any CPU.Build.0 = Debug|Any CPU
		{D4B83817-DCE4-4482-AA04-5E16290228D4}.Release|Any CPU.ActiveCfg = Release|Any CPU
		{D4B83817-DCE4-4482-AA04-5E16290228D4}.Release|Any CPU.Build.0 = Release|Any CPU
	EndGlobalSection
EndGlobal
